// !$*UTF8*$!
{
	archiveVersion = 1;
	classes = {
	};
	objectVersion = 46;
	objects = {

/* Begin PBXBuildFile section */
		B2A91F5E1D506682005D98FF /* main.c in Sources */ = {isa = PBXBuildFile; fileRef = B2A91F5D1D506682005D98FF /* main.c */; };
		CC0E81F41F1736AD009777F8 /* GeneralAlg.c in Sources */ = {isa = PBXBuildFile; fileRef = CC0E81F31F1736AD009777F8 /* GeneralAlg.c */; };
		CC136DFD1F173E4000BED562 /* LinkList.c in Sources */ = {isa = PBXBuildFile; fileRef = CC136DFC1F173E4000BED562 /* LinkList.c */; };
		CC2EAE0B1F187F50005DDA43 /* Math.c in Sources */ = {isa = PBXBuildFile; fileRef = CC2EAE091F187F50005DDA43 /* Math.c */; };
		CC2EAE171F1892EC005DDA43 /* NumberGuessingGame.c in Sources */ = {isa = PBXBuildFile; fileRef = CC2EAE151F1892EC005DDA43 /* NumberGuessingGame.c */; };
/* End PBXBuildFile section */

/* Begin PBXCopyFilesBuildPhase section */
		B2A91F581D506682005D98FF /* CopyFiles */ = {
			isa = PBXCopyFilesBuildPhase;
			buildActionMask = 2147483647;
			dstPath = /usr/share/man/man1/;
			dstSubfolderSpec = 0;
			files = (
			);
			runOnlyForDeploymentPostprocessing = 1;
		};
/* End PBXCopyFilesBuildPhase section */

/* Begin PBXFileReference section */
		B2A91F5A1D506682005D98FF /* Jane_c_test */ = {isa = PBXFileReference; explicitFileType = "compiled.mach-o.executable"; includeInIndex = 0; path = Jane_c_test; sourceTree = BUILT_PRODUCTS_DIR; };
		B2A91F5D1D506682005D98FF /* main.c */ = {isa = PBXFileReference; lastKnownFileType = sourcecode.c.c; path = main.c; sourceTree = "<group>"; };
		CC0E81E81F173168009777F8 /* GeneralAlg.h */ = {isa = PBXFileReference; lastKnownFileType = sourcecode.c.h; path = GeneralAlg.h; sourceTree = "<group>"; };
		CC0E81F31F1736AD009777F8 /* GeneralAlg.c */ = {isa = PBXFileReference; fileEncoding = 4; lastKnownFileType = sourcecode.c.c; path = GeneralAlg.c; sourceTree = "<group>"; };
		CC136DFC1F173E4000BED562 /* LinkList.c */ = {isa = PBXFileReference; fileEncoding = 4; lastKnownFileType = sourcecode.c.c; path = LinkList.c; sourceTree = "<group>"; };
		CC2EAE091F187F50005DDA43 /* Math.c */ = {isa = PBXFileReference; fileEncoding = 4; lastKnownFileType = sourcecode.c.c; path = Math.c; sourceTree = "<group>"; };
		CC2EAE0A1F187F50005DDA43 /* Math.h */ = {isa = PBXFileReference; fileEncoding = 4; lastKnownFileType = sourcecode.c.h; path = Math.h; sourceTree = "<group>"; };
		CC2EAE151F1892EC005DDA43 /* NumberGuessingGame.c */ = {isa = PBXFileReference; fileEncoding = 4; lastKnownFileType = sourcecode.c.c; path = NumberGuessingGame.c; sourceTree = "<group>"; };
		CC2EAE161F1892EC005DDA43 /* NumberGuessingGame.h */ = {isa = PBXFileReference; fileEncoding = 4; lastKnownFileType = sourcecode.c.h; path = NumberGuessingGame.h; sourceTree = "<group>"; };
		CCC0E8F61F173DB400B7E1BD /* LinkList.h */ = {isa = PBXFileReference; lastKnownFileType = sourcecode.c.h; path = LinkList.h; sourceTree = "<group>"; };
/* End PBXFileReference section */

/* Begin PBXFrameworksBuildPhase section */
		B2A91F571D506682005D98FF /* Frameworks */ = {
			isa = PBXFrameworksBuildPhase;
			buildActionMask = 2147483647;
			files = (
			);
			runOnlyForDeploymentPostprocessing = 0;
		};
/* End PBXFrameworksBuildPhase section */

/* Begin PBXGroup section */
		B2A91F511D506682005D98FF = {
			isa = PBXGroup;
			children = (
				B2A91F5C1D506682005D98FF /* Jane_c_test */,
				B2A91F5B1D506682005D98FF /* Products */,
			);
			sourceTree = "<group>";
		};
		B2A91F5B1D506682005D98FF /* Products */ = {
			isa = PBXGroup;
			children = (
				B2A91F5A1D506682005D98FF /* Jane_c_test */,
			);
			name = Products;
			sourceTree = "<group>";
		};
		B2A91F5C1D506682005D98FF /* Jane_c_test */ = {
			isa = PBXGroup;
			children = (
				CC2EAE141F1892EC005DDA43 /* Games */,
				B2A91F5D1D506682005D98FF /* main.c */,
				CCC0E8F61F173DB400B7E1BD /* LinkList.h */,
				CC136DFC1F173E4000BED562 /* LinkList.c */,
				CC0E81E81F173168009777F8 /* GeneralAlg.h */,
				CC0E81F31F1736AD009777F8 /* GeneralAlg.c */,
				CC2EAE091F187F50005DDA43 /* Math.c */,
				CC2EAE0A1F187F50005DDA43 /* Math.h */,
			);
			path = Jane_c_test;
			sourceTree = "<group>";
		};
		CC2EAE141F1892EC005DDA43 /* Games */ = {
			isa = PBXGroup;
			children = (
				CC2EAE151F1892EC005DDA43 /* NumberGuessingGame.c */,
				CC2EAE161F1892EC005DDA43 /* NumberGuessingGame.h */,
			);
			path = Games;
			sourceTree = "<group>";
		};
/* End PBXGroup section */

/* Begin PBXNativeTarget section */
		B2A91F591D506682005D98FF /* Jane_c_test */ = {
			isa = PBXNativeTarget;
			buildConfigurationList = B2A91F611D506682005D98FF /* Build configuration list for PBXNativeTarget "Jane_c_test" */;
			buildPhases = (
				B2A91F561D506682005D98FF /* Sources */,
				B2A91F571D506682005D98FF /* Frameworks */,
				B2A91F581D506682005D98FF /* CopyFiles */,
			);
			buildRules = (
			);
			dependencies = (
			);
			name = Jane_c_test;
			productName = Jane_c_test;
			productReference = B2A91F5A1D506682005D98FF /* Jane_c_test */;
			productType = "com.apple.product-type.tool";
		};
/* End PBXNativeTarget section */

/* Begin PBXProject section */
		B2A91F521D506682005D98FF /* Project object */ = {
			isa = PBXProject;
			attributes = {
				LastUpgradeCheck = 0820;
				ORGANIZATIONNAME = Johnny;
				TargetAttributes = {
					B2A91F591D506682005D98FF = {
						CreatedOnToolsVersion = 7.3;
					};
				};
			};
			buildConfigurationList = B2A91F551D506682005D98FF /* Build configuration list for PBXProject "Jane_c_test" */;
			compatibilityVersion = "Xcode 3.2";
			developmentRegion = English;
			hasScannedForEncodings = 0;
			knownRegions = (
				en,
			);
			mainGroup = B2A91F511D506682005D98FF;
			productRefGroup = B2A91F5B1D506682005D98FF /* Products */;
			projectDirPath = "";
			projectRoot = "";
			targets = (
				B2A91F591D506682005D98FF /* Jane_c_test */,
			);
		};
/* End PBXProject section */

/* Begin PBXSourcesBuildPhase section */
		B2A91F561D506682005D98FF /* Sources */ = {
			isa = PBXSourcesBuildPhase;
			buildActionMask = 2147483647;
			files = (
				B2A91F5E1D506682005D98FF /* main.c in Sources */,
				CC2EAE0B1F187F50005DDA43 /* Math.c in Sources */,
				CC2EAE171F1892EC005DDA43 /* NumberGuessingGame.c in Sources */,
				CC136DFD1F173E4000BED562 /* LinkList.c in Sources */,
				CC0E81F41F1736AD009777F8 /* GeneralAlg.c in Sources */,
			);
			runOnlyForDeploymentPostprocessing = 0;
		};
/* End PBXSourcesBuildPhase section */

/* Begin XCBuildConfiguration section */
		B2A91F5F1D506682005D98FF /* Debug */ = {
			isa = XCBuildConfiguration;
			buildSettings = {
				ALWAYS_SEARCH_USER_PATHS = NO;
				CLANG_ANALYZER_NONNULL = YES;
				CLANG_CXX_LANGUAGE_STANDARD = "gnu++0x";
				CLANG_CXX_LIBRARY = "libc++";
				CLANG_ENABLE_MODULES = YES;
				CLANG_ENABLE_OBJC_ARC = YES;
				CLANG_WARN_BOOL_CONVERSION = YES;
				CLANG_WARN_CONSTANT_CONVERSION = YES;
				CLANG_WARN_DIRECT_OBJC_ISA_USAGE = YES_ERROR;
				CLANG_WARN_EMPTY_BODY = YES;
				CLANG_WARN_ENUM_CONVERSION = YES;
				CLANG_WARN_INFINITE_RECURSION = YES;
				CLANG_WARN_INT_CONVERSION = YES;
				CLANG_WARN_OBJC_ROOT_CLASS = YES_ERROR;
				CLANG_WARN_SUSPICIOUS_MOVE = YES;
				CLANG_WARN_UNREACHABLE_CODE = YES;
				CLANG_WARN__DUPLICATE_METHOD_MATCH = YES;
				CODE_SIGN_IDENTITY = "-";
				COPY_PHASE_STRIP = NO;
				DEBUG_INFORMATION_FORMAT = dwarf;
				ENABLE_STRICT_OBJC_MSGSEND = YES;
				ENABLE_TESTABILITY = YES;
				GCC_C_LANGUAGE_STANDARD = gnu99;
				GCC_DYNAMIC_NO_PIC = NO;
				GCC_NO_COMMON_BLOCKS = YES;
				GCC_OPTIMIZATION_LEVEL = 0;
				GCC_PREPROCESSOR_DEFINITIONS = (
					"DEBUG=1",
					"$(inherited)",
				);
				GCC_WARN_64_TO_32_BIT_CONVERSION = YES;
				GCC_WARN_ABOUT_RETURN_TYPE = YES_ERROR;
				GCC_WARN_UNDECLARED_SELECTOR = YES;
				GCC_WARN_UNINITIALIZED_AUTOS = YES_AGGRESSIVE;
				GCC_WARN_UNUSED_FUNCTION = YES;
				GCC_WARN_UNUSED_VARIABLE = YES;
				MACOSX_DEPLOYMENT_TARGET = 10.11;
				MTL_ENABLE_DEBUG_INFO = YES;
				ONLY_ACTIVE_ARCH = YES;
				SDKROOT = macosx;
			};
			name = Debug;
		};
		B2A91F601D506682005D98FF /* Release */ = {
			isa = XCBuildConfiguration;
			buildSettings = {
				ALWAYS_SEARCH_USER_PATHS = NO;
				CLANG_ANALYZER_NONNULL = YES;
				CLANG_CXX_LANGUAGE_STANDARD = "gnu++0x";
				CLANG_CXX_LIBRARY = "libc++";
				CLANG_ENABLE_MODULES = YES;
				CLANG_ENABLE_OBJC_ARC = YES;
				CLANG_WARN_BOOL_CONVERSION = YES;
				CLANG_WARN_CONSTANT_CONVERSION = YES;
				CLANG_WARN_DIRECT_OBJC_ISA_USAGE = YES_ERROR;
				CLANG_WARN_EMPTY_BODY = YES;
				CLANG_WARN_ENUM_CONVERSION = YES;
				CLANG_WARN_INFINITE_RECURSION = YES;
				CLANG_WARN_INT_CONVERSION = YES;
				CLANG_WARN_OBJC_ROOT_CLASS = YES_ERROR;
				CLANG_WARN_SUSPICIOUS_MOVE = YES;
				CLANG_WARN_UNREACHABLE_CODE = YES;
				CLANG_WARN__DUPLICATE_METHOD_MATCH = YES;
				CODE_SIGN_IDENTITY = "-";
				COPY_PHASE_STRIP = NO;
				DEBUG_INFORMATION_FORMAT = "dwarf-with-dsym";
				ENABLE_NS_ASSERTIONS = NO;
				ENABLE_STRICT_OBJC_MSGSEND = YES;
				GCC_C_LANGUAGE_STANDARD = gnu99;
				GCC_NO_COMMON_BLOCKS = YES;
				GCC_WARN_64_TO_32_BIT_CONVERSION = YES;
				GCC_WARN_ABOUT_RETURN_TYPE = YES_ERROR;
				GCC_WARN_UNDECLARED_SELECTOR = YES;
				GCC_WARN_UNINITIALIZED_AUTOS = YES_AGGRESSIVE;
				GCC_WARN_UNUSED_FUNCTION = YES;
				GCC_WARN_UNUSED_VARIABLE = YES;
				MACOSX_DEPLOYMENT_TARGET = 10.11;
				MTL_ENABLE_DEBUG_INFO = NO;
				SDKROOT = macosx;
			};
			name = Release;
		};
		B2A91F621D506682005D98FF /* Debug */ = {
			isa = XCBuildConfiguration;
			buildSettings = {
				PRODUCT_NAME = "$(TARGET_NAME)";
			};
			name = Debug;
		};
		B2A91F631D506682005D98FF /* Release */ = {
			isa = XCBuildConfiguration;
			buildSettings = {
				PRODUCT_NAME = "$(TARGET_NAME)";
			};
			name = Release;
		};
/* End XCBuildConfiguration section */

/* Begin XCConfigurationList section */
		B2A91F551D506682005D98FF /* Build configuration list for PBXProject "Jane_c_test" */ = {
			isa = XCConfigurationList;
			buildConfigurations = (
				B2A91F5F1D506682005D98FF /* Debug */,
				B2A91F601D506682005D98FF /* Release */,
			);
			defaultConfigurationIsVisible = 0;
			defaultConfigurationName = Release;
		};
		B2A91F611D506682005D98FF /* Build configuration list for PBXNativeTarget "Jane_c_test" */ = {
			isa = XCConfigurationList;
			buildConfigurations = (
				B2A91F621D506682005D98FF /* Debug */,
				B2A91F631D506682005D98FF /* Release */,
			);
			defaultConfigurationIsVisible = 0;
			defaultConfigurationName = Release;
		};
/* End XCConfigurationList section */
	};
	rootObject = B2A91F521D506682005D98FF /* Project object */;
}
